{
  "name": "project-euler",
  "version": "1.0.0",
  "lockfileVersion": 1,
  "requires": true,
  "dependencies": {
    "big-integer": {
      "version": "1.6.30",
      "resolved": "https://registry.npmjs.org/big-integer/-/big-integer-1.6.30.tgz",
      "integrity": "sha512-LGDF7k/8yjS+GTbfFRGiSdcPnIwcjM6kQ0lmbja3tKJzVMmqHmUFnTuUOm/Lt2KVQ3mAZVupf9KNcsew0QV8Kw=="
    },
    "prettier": {
      "version": "1.13.3",
      "resolved": "https://registry.npmjs.org/prettier/-/prettier-1.13.3.tgz",
      "integrity": "sha512-CIWJNU+cFFdeA0GJSzzFkxiq2WuMvWZMlz6cV/EXhPlRnI3esSFMh+lNmyZ8z/X8O8C1U60Sc8puXALj4/WmZw=="
    }
  }
}
